
Microsoft Visual Studio Solution File, Format Version 12.00
# Visual Studio Version 16
VisualStudioVersion = 16.0.30225.117
MinimumVisualStudioVersion = 10.0.40219.1
Project("{9A19103F-16F7-4668-BE54-9A1E7A4F7556}") = "Girvs.Infrastructure", "Girvs.Infrastructure\Girvs.Infrastructure.csproj", "{42AC7C8B-E243-43CB-B0FA-E7F17940B1D8}"
EndProject
Project("{9A19103F-16F7-4668-BE54-9A1E7A4F7556}") = "Girvs.Domain", "Girvs.Domain\Girvs.Domain.csproj", "{9A615315-5B9C-4D52-AA2D-FB3A0299DD9F}"
EndProject
Project("{9A19103F-16F7-4668-BE54-9A1E7A4F7556}") = "Girvs.Application", "Girvs.Application\Girvs.Application.csproj", "{2430C42D-7122-4961-B4C9-42BD0A67E16B}"
EndProject
Project("{2150E333-8FDC-42A3-9474-1A3956D46DE8}") = "WebFrameWork", "WebFrameWork", "{6ACC6718-B59C-4202-B45D-FC4AC9FCC449}"
EndProject
Project("{9A19103F-16F7-4668-BE54-9A1E7A4F7556}") = "Girvs.WebFrameWork", "WebFrameWork\Girvs.WebFrameWork\Girvs.WebFrameWork.csproj", "{AD062888-6C6E-4EB9-A161-5903BFB75422}"
EndProject
Project("{9A19103F-16F7-4668-BE54-9A1E7A4F7556}") = "Girvs.WebApiFrameWork", "WebFrameWork\Girvs.WebApiFrameWork\Girvs.WebApiFrameWork.csproj", "{FF25BEB8-605D-4F3C-B464-BF39E51307EB}"
EndProject
Project("{9A19103F-16F7-4668-BE54-9A1E7A4F7556}") = "Girvs.WebGrpcFrameWork", "WebFrameWork\Girvs.WebGrpcFrameWork\Girvs.WebGrpcFrameWork.csproj", "{2F23DD24-7740-44B5-8FC0-0148ABE4249E}"
EndProject
Project("{9A19103F-16F7-4668-BE54-9A1E7A4F7556}") = "Girvs.WebMvcFrameWork", "WebFrameWork\Girvs.WebMvcFrameWork\Girvs.WebMvcFrameWork.csproj", "{4A670E8A-78BD-4E9C-A56A-1355588B0E1C}"
EndProject
Project("{2150E333-8FDC-42A3-9474-1A3956D46DE8}") = "MicroServiceFrameWork", "MicroServiceFrameWork", "{6DAB5402-DD16-498C-80A0-AC4F1A21BC99}"
EndProject
Project("{9A19103F-16F7-4668-BE54-9A1E7A4F7556}") = "Girvs.Consul", "MicroServiceFrameWork\Girvs.Consul\Girvs.Consul.csproj", "{61A4E66E-E955-40D5-BA26-43FB0C6491BB}"
EndProject
Project("{9A19103F-16F7-4668-BE54-9A1E7A4F7556}") = "Girvs.IdentityServer4", "MicroServiceFrameWork\Girvs.IdentityServer4\Girvs.IdentityServer4.csproj", "{C4C56143-9868-4ED3-ABCB-4AA122E50F26}"
EndProject
Project("{2150E333-8FDC-42A3-9474-1A3956D46DE8}") = "Test", "Test", "{A33C9216-C5D6-4E76-81E3-883A67CAF222}"
EndProject
Project("{9A19103F-16F7-4668-BE54-9A1E7A4F7556}") = "SmartProducts.Person.Infrastructure", "Tester\SmartProducts.Person.Infrastructure\SmartProducts.Person.Infrastructure.csproj", "{CDA59B02-01CE-4C30-B41F-C8039122DF9E}"
EndProject
Project("{9A19103F-16F7-4668-BE54-9A1E7A4F7556}") = "SmartProducts.Person.Domain", "Tester\SmartProducts.Person.Domain\SmartProducts.Person.Domain.csproj", "{ED9F9B65-4F8D-4FDB-9C10-2AC9C65F7B1C}"
EndProject
Project("{9A19103F-16F7-4668-BE54-9A1E7A4F7556}") = "SmartProducts.Person.Application", "Tester\SmartProducts.Person.Application\SmartProducts.Person.Application.csproj", "{135201F8-E27F-4A25-A4DE-AA3A28B544C6}"
EndProject
Project("{9A19103F-16F7-4668-BE54-9A1E7A4F7556}") = "SmartProducts.Person.WebApi", "Tester\SmartProducts.Person.WebApi\SmartProducts.Person.WebApi.csproj", "{A7A94B29-D045-4D15-BB2C-D717B62FF0F2}"
EndProject
Global
	GlobalSection(SolutionConfigurationPlatforms) = preSolution
		Debug|Any CPU = Debug|Any CPU
		Release|Any CPU = Release|Any CPU
	EndGlobalSection
	GlobalSection(ProjectConfigurationPlatforms) = postSolution
		{42AC7C8B-E243-43CB-B0FA-E7F17940B1D8}.Debug|Any CPU.ActiveCfg = Debug|Any CPU
		{42AC7C8B-E243-43CB-B0FA-E7F17940B1D8}.Debug|Any CPU.Build.0 = Debug|Any CPU
		{42AC7C8B-E243-43CB-B0FA-E7F17940B1D8}.Release|Any CPU.ActiveCfg = Release|Any CPU
		{42AC7C8B-E243-43CB-B0FA-E7F17940B1D8}.Release|Any CPU.Build.0 = Release|Any CPU
		{9A615315-5B9C-4D52-AA2D-FB3A0299DD9F}.Debug|Any CPU.ActiveCfg = Debug|Any CPU
		{9A615315-5B9C-4D52-AA2D-FB3A0299DD9F}.Debug|Any CPU.Build.0 = Debug|Any CPU
		{9A615315-5B9C-4D52-AA2D-FB3A0299DD9F}.Release|Any CPU.ActiveCfg = Release|Any CPU
		{9A615315-5B9C-4D52-AA2D-FB3A0299DD9F}.Release|Any CPU.Build.0 = Release|Any CPU
		{2430C42D-7122-4961-B4C9-42BD0A67E16B}.Debug|Any CPU.ActiveCfg = Debug|Any CPU
		{2430C42D-7122-4961-B4C9-42BD0A67E16B}.Debug|Any CPU.Build.0 = Debug|Any CPU
		{2430C42D-7122-4961-B4C9-42BD0A67E16B}.Release|Any CPU.ActiveCfg = Release|Any CPU
		{2430C42D-7122-4961-B4C9-42BD0A67E16B}.Release|Any CPU.Build.0 = Release|Any CPU
		{AD062888-6C6E-4EB9-A161-5903BFB75422}.Debug|Any CPU.ActiveCfg = Debug|Any CPU
		{AD062888-6C6E-4EB9-A161-5903BFB75422}.Debug|Any CPU.Build.0 = Debug|Any CPU
		{AD062888-6C6E-4EB9-A161-5903BFB75422}.Release|Any CPU.ActiveCfg = Release|Any CPU
		{AD062888-6C6E-4EB9-A161-5903BFB75422}.Release|Any CPU.Build.0 = Release|Any CPU
		{FF25BEB8-605D-4F3C-B464-BF39E51307EB}.Debug|Any CPU.ActiveCfg = Debug|Any CPU
		{FF25BEB8-605D-4F3C-B464-BF39E51307EB}.Debug|Any CPU.Build.0 = Debug|Any CPU
		{FF25BEB8-605D-4F3C-B464-BF39E51307EB}.Release|Any CPU.ActiveCfg = Release|Any CPU
		{FF25BEB8-605D-4F3C-B464-BF39E51307EB}.Release|Any CPU.Build.0 = Release|Any CPU
		{2F23DD24-7740-44B5-8FC0-0148ABE4249E}.Debug|Any CPU.ActiveCfg = Debug|Any CPU
		{2F23DD24-7740-44B5-8FC0-0148ABE4249E}.Debug|Any CPU.Build.0 = Debug|Any CPU
		{2F23DD24-7740-44B5-8FC0-0148ABE4249E}.Release|Any CPU.ActiveCfg = Release|Any CPU
		{2F23DD24-7740-44B5-8FC0-0148ABE4249E}.Release|Any CPU.Build.0 = Release|Any CPU
		{4A670E8A-78BD-4E9C-A56A-1355588B0E1C}.Debug|Any CPU.ActiveCfg = Debug|Any CPU
		{4A670E8A-78BD-4E9C-A56A-1355588B0E1C}.Debug|Any CPU.Build.0 = Debug|Any CPU
		{4A670E8A-78BD-4E9C-A56A-1355588B0E1C}.Release|Any CPU.ActiveCfg = Release|Any CPU
		{4A670E8A-78BD-4E9C-A56A-1355588B0E1C}.Release|Any CPU.Build.0 = Release|Any CPU
		{61A4E66E-E955-40D5-BA26-43FB0C6491BB}.Debug|Any CPU.ActiveCfg = Debug|Any CPU
		{61A4E66E-E955-40D5-BA26-43FB0C6491BB}.Debug|Any CPU.Build.0 = Debug|Any CPU
		{61A4E66E-E955-40D5-BA26-43FB0C6491BB}.Release|Any CPU.ActiveCfg = Release|Any CPU
		{61A4E66E-E955-40D5-BA26-43FB0C6491BB}.Release|Any CPU.Build.0 = Release|Any CPU
		{C4C56143-9868-4ED3-ABCB-4AA122E50F26}.Debug|Any CPU.ActiveCfg = Debug|Any CPU
		{C4C56143-9868-4ED3-ABCB-4AA122E50F26}.Debug|Any CPU.Build.0 = Debug|Any CPU
		{C4C56143-9868-4ED3-ABCB-4AA122E50F26}.Release|Any CPU.ActiveCfg = Release|Any CPU
		{C4C56143-9868-4ED3-ABCB-4AA122E50F26}.Release|Any CPU.Build.0 = Release|Any CPU
		{CDA59B02-01CE-4C30-B41F-C8039122DF9E}.Debug|Any CPU.ActiveCfg = Debug|Any CPU
		{CDA59B02-01CE-4C30-B41F-C8039122DF9E}.Debug|Any CPU.Build.0 = Debug|Any CPU
		{CDA59B02-01CE-4C30-B41F-C8039122DF9E}.Release|Any CPU.ActiveCfg = Release|Any CPU
		{CDA59B02-01CE-4C30-B41F-C8039122DF9E}.Release|Any CPU.Build.0 = Release|Any CPU
		{ED9F9B65-4F8D-4FDB-9C10-2AC9C65F7B1C}.Debug|Any CPU.ActiveCfg = Debug|Any CPU
		{ED9F9B65-4F8D-4FDB-9C10-2AC9C65F7B1C}.Debug|Any CPU.Build.0 = Debug|Any CPU
		{ED9F9B65-4F8D-4FDB-9C10-2AC9C65F7B1C}.Release|Any CPU.ActiveCfg = Release|Any CPU
		{ED9F9B65-4F8D-4FDB-9C10-2AC9C65F7B1C}.Release|Any CPU.Build.0 = Release|Any CPU
		{135201F8-E27F-4A25-A4DE-AA3A28B544C6}.Debug|Any CPU.ActiveCfg = Debug|Any CPU
		{135201F8-E27F-4A25-A4DE-AA3A28B544C6}.Debug|Any CPU.Build.0 = Debug|Any CPU
		{135201F8-E27F-4A25-A4DE-AA3A28B544C6}.Release|Any CPU.ActiveCfg = Release|Any CPU
		{135201F8-E27F-4A25-A4DE-AA3A28B544C6}.Release|Any CPU.Build.0 = Release|Any CPU
		{A7A94B29-D045-4D15-BB2C-D717B62FF0F2}.Debug|Any CPU.ActiveCfg = Debug|Any CPU
		{A7A94B29-D045-4D15-BB2C-D717B62FF0F2}.Debug|Any CPU.Build.0 = Debug|Any CPU
		{A7A94B29-D045-4D15-BB2C-D717B62FF0F2}.Release|Any CPU.ActiveCfg = Release|Any CPU
		{A7A94B29-D045-4D15-BB2C-D717B62FF0F2}.Release|Any CPU.Build.0 = Release|Any CPU
	EndGlobalSection
	GlobalSection(SolutionProperties) = preSolution
		HideSolutionNode = FALSE
	EndGlobalSection
	GlobalSection(NestedProjects) = preSolution
		{AD062888-6C6E-4EB9-A161-5903BFB75422} = {6ACC6718-B59C-4202-B45D-FC4AC9FCC449}
		{FF25BEB8-605D-4F3C-B464-BF39E51307EB} = {6ACC6718-B59C-4202-B45D-FC4AC9FCC449}
		{2F23DD24-7740-44B5-8FC0-0148ABE4249E} = {6ACC6718-B59C-4202-B45D-FC4AC9FCC449}
		{4A670E8A-78BD-4E9C-A56A-1355588B0E1C} = {6ACC6718-B59C-4202-B45D-FC4AC9FCC449}
		{61A4E66E-E955-40D5-BA26-43FB0C6491BB} = {6DAB5402-DD16-498C-80A0-AC4F1A21BC99}
		{C4C56143-9868-4ED3-ABCB-4AA122E50F26} = {6DAB5402-DD16-498C-80A0-AC4F1A21BC99}
		{CDA59B02-01CE-4C30-B41F-C8039122DF9E} = {A33C9216-C5D6-4E76-81E3-883A67CAF222}
		{ED9F9B65-4F8D-4FDB-9C10-2AC9C65F7B1C} = {A33C9216-C5D6-4E76-81E3-883A67CAF222}
		{135201F8-E27F-4A25-A4DE-AA3A28B544C6} = {A33C9216-C5D6-4E76-81E3-883A67CAF222}
		{A7A94B29-D045-4D15-BB2C-D717B62FF0F2} = {A33C9216-C5D6-4E76-81E3-883A67CAF222}
	EndGlobalSection
	GlobalSection(ExtensibilityGlobals) = postSolution
		SolutionGuid = {660433A5-F232-44EF-9D60-6206FA07732E}
	EndGlobalSection
EndGlobal
