
Microsoft Visual Studio Solution File, Format Version 12.00
# Visual Studio Version 16
VisualStudioVersion = 16.0.31410.357
MinimumVisualStudioVersion = 10.0.40219.1
Project("{9A19103F-16F7-4668-BE54-9A1E7A4F7556}") = "Girvs", "Girvs\Girvs.csproj", "{E8FD3844-32D8-4EEF-9C66-1AD708B07A68}"
EndProject
Project("{9A19103F-16F7-4668-BE54-9A1E7A4F7556}") = "Girvs.Cache", "Girvs.Cache\Girvs.Cache.csproj", "{8C1B0727-D055-4883-9E8F-DCD7F3EA1796}"
EndProject
Project("{9A19103F-16F7-4668-BE54-9A1E7A4F7556}") = "Girvs.EntityFrameworkCore", "Girvs.EntityFrameworkCore\Girvs.EntityFrameworkCore.csproj", "{4DFFA4BA-310F-4000-8EA6-A70C49375EAB}"
EndProject
Project("{9A19103F-16F7-4668-BE54-9A1E7A4F7556}") = "Girvs.Driven", "Girvs.Driven\Girvs.Driven.csproj", "{BCE4FB82-2445-4FB5-BD03-22A191F83320}"
EndProject
Project("{9A19103F-16F7-4668-BE54-9A1E7A4F7556}") = "Girvs.DynamicWebApi", "Girvs.DynamicWebApi\Girvs.DynamicWebApi.csproj", "{39E40EB7-5CAE-47E3-9A9F-F3F9F2939629}"
EndProject
Project("{9A19103F-16F7-4668-BE54-9A1E7A4F7556}") = "Girvs.Quartz", "Girvs.Quartz\Girvs.Quartz.csproj", "{DDB8C4BD-931B-4BB8-8794-CEDFEF1FA461}"
EndProject
Project("{9A19103F-16F7-4668-BE54-9A1E7A4F7556}") = "Girvs.Swagger", "Girvs.Swagger\Girvs.Swagger.csproj", "{C7F0E56C-EE3D-4D2B-A452-B3FC22974EBB}"
EndProject
Project("{9A19103F-16F7-4668-BE54-9A1E7A4F7556}") = "Girvs.SignalR", "Girvs.SignalR\Girvs.SignalR.csproj", "{0F190051-FFEA-47E6-B37A-546871DDB947}"
EndProject
Project("{9A19103F-16F7-4668-BE54-9A1E7A4F7556}") = "Girvs.Grpc", "Girvs.Grpc\Girvs.Grpc.csproj", "{76208CBF-418C-429C-B9B8-3FFB9669963C}"
EndProject
Project("{9A19103F-16F7-4668-BE54-9A1E7A4F7556}") = "Girvs.Consul", "Girvs.Consul\Girvs.Consul.csproj", "{CFE7C9A2-E267-4B6E-AB9B-983EFD3AB4BC}"
EndProject
Project("{9A19103F-16F7-4668-BE54-9A1E7A4F7556}") = "Girvs.AutoMapper", "Girvs.AutoMapper\Girvs.AutoMapper.csproj", "{D055AE0E-0CD0-4112-B72C-F0CCDCFFD29E}"
EndProject
Project("{9A19103F-16F7-4668-BE54-9A1E7A4F7556}") = "Girvs.AuthorizePermission", "Girvs.AuthorizePermission\Girvs.AuthorizePermission.csproj", "{4AF3EE93-D489-453E-B13D-7706340A8ADB}"
EndProject
Project("{2150E333-8FDC-42A3-9474-1A3956D46DE8}") = "Examples", "Examples", "{D31B803C-F857-4967-A4D0-8DC1F32D3EB2}"
EndProject
Project("{FAE04EC0-301F-11D3-BF4B-00C04F79EFBC}") = "Girvs.EventBus", "Girvs.EventBus\Girvs.EventBus.csproj", "{3D834B05-773E-4172-943F-EB08B7A8857B}"
EndProject
Project("{FAE04EC0-301F-11D3-BF4B-00C04F79EFBC}") = "Girvs.Refit", "Girvs.Refit\Girvs.Refit.csproj", "{F7B481C8-6877-4E9E-848B-686F891E469A}"
EndProject
Project("{FAE04EC0-301F-11D3-BF4B-00C04F79EFBC}") = "ZhuoFan.Wb.Common", "Examples\BasicManagement\ZhuoFan.Wb.Common\ZhuoFan.Wb.Common.csproj", "{3D37E565-328E-4FFF-AB86-009A42FB7B70}"
EndProject
Global
	GlobalSection(SolutionConfigurationPlatforms) = preSolution
		Debug|Any CPU = Debug|Any CPU
		Release|Any CPU = Release|Any CPU
	EndGlobalSection
	GlobalSection(ProjectConfigurationPlatforms) = postSolution
		{E8FD3844-32D8-4EEF-9C66-1AD708B07A68}.Debug|Any CPU.ActiveCfg = Debug|Any CPU
		{E8FD3844-32D8-4EEF-9C66-1AD708B07A68}.Debug|Any CPU.Build.0 = Debug|Any CPU
		{E8FD3844-32D8-4EEF-9C66-1AD708B07A68}.Release|Any CPU.ActiveCfg = Release|Any CPU
		{E8FD3844-32D8-4EEF-9C66-1AD708B07A68}.Release|Any CPU.Build.0 = Release|Any CPU
		{8C1B0727-D055-4883-9E8F-DCD7F3EA1796}.Debug|Any CPU.ActiveCfg = Debug|Any CPU
		{8C1B0727-D055-4883-9E8F-DCD7F3EA1796}.Debug|Any CPU.Build.0 = Debug|Any CPU
		{8C1B0727-D055-4883-9E8F-DCD7F3EA1796}.Release|Any CPU.ActiveCfg = Release|Any CPU
		{8C1B0727-D055-4883-9E8F-DCD7F3EA1796}.Release|Any CPU.Build.0 = Release|Any CPU
		{4DFFA4BA-310F-4000-8EA6-A70C49375EAB}.Debug|Any CPU.ActiveCfg = Debug|Any CPU
		{4DFFA4BA-310F-4000-8EA6-A70C49375EAB}.Debug|Any CPU.Build.0 = Debug|Any CPU
		{4DFFA4BA-310F-4000-8EA6-A70C49375EAB}.Release|Any CPU.ActiveCfg = Release|Any CPU
		{4DFFA4BA-310F-4000-8EA6-A70C49375EAB}.Release|Any CPU.Build.0 = Release|Any CPU
		{BCE4FB82-2445-4FB5-BD03-22A191F83320}.Debug|Any CPU.ActiveCfg = Debug|Any CPU
		{BCE4FB82-2445-4FB5-BD03-22A191F83320}.Debug|Any CPU.Build.0 = Debug|Any CPU
		{BCE4FB82-2445-4FB5-BD03-22A191F83320}.Release|Any CPU.ActiveCfg = Release|Any CPU
		{BCE4FB82-2445-4FB5-BD03-22A191F83320}.Release|Any CPU.Build.0 = Release|Any CPU
		{39E40EB7-5CAE-47E3-9A9F-F3F9F2939629}.Debug|Any CPU.ActiveCfg = Debug|Any CPU
		{39E40EB7-5CAE-47E3-9A9F-F3F9F2939629}.Debug|Any CPU.Build.0 = Debug|Any CPU
		{39E40EB7-5CAE-47E3-9A9F-F3F9F2939629}.Release|Any CPU.ActiveCfg = Release|Any CPU
		{39E40EB7-5CAE-47E3-9A9F-F3F9F2939629}.Release|Any CPU.Build.0 = Release|Any CPU
		{DDB8C4BD-931B-4BB8-8794-CEDFEF1FA461}.Debug|Any CPU.ActiveCfg = Debug|Any CPU
		{DDB8C4BD-931B-4BB8-8794-CEDFEF1FA461}.Debug|Any CPU.Build.0 = Debug|Any CPU
		{DDB8C4BD-931B-4BB8-8794-CEDFEF1FA461}.Release|Any CPU.ActiveCfg = Release|Any CPU
		{DDB8C4BD-931B-4BB8-8794-CEDFEF1FA461}.Release|Any CPU.Build.0 = Release|Any CPU
		{C7F0E56C-EE3D-4D2B-A452-B3FC22974EBB}.Debug|Any CPU.ActiveCfg = Debug|Any CPU
		{C7F0E56C-EE3D-4D2B-A452-B3FC22974EBB}.Debug|Any CPU.Build.0 = Debug|Any CPU
		{C7F0E56C-EE3D-4D2B-A452-B3FC22974EBB}.Release|Any CPU.ActiveCfg = Release|Any CPU
		{C7F0E56C-EE3D-4D2B-A452-B3FC22974EBB}.Release|Any CPU.Build.0 = Release|Any CPU
		{0F190051-FFEA-47E6-B37A-546871DDB947}.Debug|Any CPU.ActiveCfg = Debug|Any CPU
		{0F190051-FFEA-47E6-B37A-546871DDB947}.Debug|Any CPU.Build.0 = Debug|Any CPU
		{0F190051-FFEA-47E6-B37A-546871DDB947}.Release|Any CPU.ActiveCfg = Release|Any CPU
		{0F190051-FFEA-47E6-B37A-546871DDB947}.Release|Any CPU.Build.0 = Release|Any CPU
		{76208CBF-418C-429C-B9B8-3FFB9669963C}.Debug|Any CPU.ActiveCfg = Debug|Any CPU
		{76208CBF-418C-429C-B9B8-3FFB9669963C}.Debug|Any CPU.Build.0 = Debug|Any CPU
		{76208CBF-418C-429C-B9B8-3FFB9669963C}.Release|Any CPU.ActiveCfg = Release|Any CPU
		{76208CBF-418C-429C-B9B8-3FFB9669963C}.Release|Any CPU.Build.0 = Release|Any CPU
		{CFE7C9A2-E267-4B6E-AB9B-983EFD3AB4BC}.Debug|Any CPU.ActiveCfg = Debug|Any CPU
		{CFE7C9A2-E267-4B6E-AB9B-983EFD3AB4BC}.Debug|Any CPU.Build.0 = Debug|Any CPU
		{CFE7C9A2-E267-4B6E-AB9B-983EFD3AB4BC}.Release|Any CPU.ActiveCfg = Release|Any CPU
		{CFE7C9A2-E267-4B6E-AB9B-983EFD3AB4BC}.Release|Any CPU.Build.0 = Release|Any CPU
		{D055AE0E-0CD0-4112-B72C-F0CCDCFFD29E}.Debug|Any CPU.ActiveCfg = Debug|Any CPU
		{D055AE0E-0CD0-4112-B72C-F0CCDCFFD29E}.Debug|Any CPU.Build.0 = Debug|Any CPU
		{D055AE0E-0CD0-4112-B72C-F0CCDCFFD29E}.Release|Any CPU.ActiveCfg = Release|Any CPU
		{D055AE0E-0CD0-4112-B72C-F0CCDCFFD29E}.Release|Any CPU.Build.0 = Release|Any CPU
		{4AF3EE93-D489-453E-B13D-7706340A8ADB}.Debug|Any CPU.ActiveCfg = Debug|Any CPU
		{4AF3EE93-D489-453E-B13D-7706340A8ADB}.Debug|Any CPU.Build.0 = Debug|Any CPU
		{4AF3EE93-D489-453E-B13D-7706340A8ADB}.Release|Any CPU.ActiveCfg = Release|Any CPU
		{4AF3EE93-D489-453E-B13D-7706340A8ADB}.Release|Any CPU.Build.0 = Release|Any CPU
		{3D834B05-773E-4172-943F-EB08B7A8857B}.Debug|Any CPU.ActiveCfg = Debug|Any CPU
		{3D834B05-773E-4172-943F-EB08B7A8857B}.Debug|Any CPU.Build.0 = Debug|Any CPU
		{3D834B05-773E-4172-943F-EB08B7A8857B}.Release|Any CPU.ActiveCfg = Release|Any CPU
		{3D834B05-773E-4172-943F-EB08B7A8857B}.Release|Any CPU.Build.0 = Release|Any CPU
		{F7B481C8-6877-4E9E-848B-686F891E469A}.Debug|Any CPU.ActiveCfg = Debug|Any CPU
		{F7B481C8-6877-4E9E-848B-686F891E469A}.Debug|Any CPU.Build.0 = Debug|Any CPU
		{F7B481C8-6877-4E9E-848B-686F891E469A}.Release|Any CPU.ActiveCfg = Release|Any CPU
		{F7B481C8-6877-4E9E-848B-686F891E469A}.Release|Any CPU.Build.0 = Release|Any CPU
		{3D37E565-328E-4FFF-AB86-009A42FB7B70}.Debug|Any CPU.ActiveCfg = Debug|Any CPU
		{3D37E565-328E-4FFF-AB86-009A42FB7B70}.Debug|Any CPU.Build.0 = Debug|Any CPU
		{3D37E565-328E-4FFF-AB86-009A42FB7B70}.Release|Any CPU.ActiveCfg = Release|Any CPU
		{3D37E565-328E-4FFF-AB86-009A42FB7B70}.Release|Any CPU.Build.0 = Release|Any CPU
	EndGlobalSection
	GlobalSection(SolutionProperties) = preSolution
		HideSolutionNode = FALSE
	EndGlobalSection
	GlobalSection(NestedProjects) = preSolution
		{3D37E565-328E-4FFF-AB86-009A42FB7B70} = {D31B803C-F857-4967-A4D0-8DC1F32D3EB2}
	EndGlobalSection
	GlobalSection(ExtensibilityGlobals) = postSolution
		SolutionGuid = {0FC056B2-C607-4E27-9A17-B0932AA19F5E}
	EndGlobalSection
EndGlobal
