
Microsoft Visual Studio Solution File, Format Version 12.00
# Visual Studio Version 16
VisualStudioVersion = 16.0.30225.117
MinimumVisualStudioVersion = 10.0.40219.1
Project("{9A19103F-16F7-4668-BE54-9A1E7A4F7556}") = "Girvs.Infrastructure", "Girvs.Infrastructure\Girvs.Infrastructure.csproj", "{42AC7C8B-E243-43CB-B0FA-E7F17940B1D8}"
EndProject
Project("{9A19103F-16F7-4668-BE54-9A1E7A4F7556}") = "Girvs.Domain", "Girvs.Domain\Girvs.Domain.csproj", "{9A615315-5B9C-4D52-AA2D-FB3A0299DD9F}"
EndProject
Project("{9A19103F-16F7-4668-BE54-9A1E7A4F7556}") = "Girvs.Application", "Girvs.Application\Girvs.Application.csproj", "{2430C42D-7122-4961-B4C9-42BD0A67E16B}"
EndProject
Project("{2150E333-8FDC-42A3-9474-1A3956D46DE8}") = "MicroServiceFrameWork", "MicroServiceFrameWork", "{6DAB5402-DD16-498C-80A0-AC4F1A21BC99}"
EndProject
Project("{9A19103F-16F7-4668-BE54-9A1E7A4F7556}") = "Girvs.Consul", "MicroServiceFrameWork\Girvs.Consul\Girvs.Consul.csproj", "{61A4E66E-E955-40D5-BA26-43FB0C6491BB}"
EndProject
Project("{9A19103F-16F7-4668-BE54-9A1E7A4F7556}") = "Girvs.IdentityServer4", "MicroServiceFrameWork\Girvs.IdentityServer4\Girvs.IdentityServer4.csproj", "{C4C56143-9868-4ED3-ABCB-4AA122E50F26}"
EndProject
Project("{9A19103F-16F7-4668-BE54-9A1E7A4F7556}") = "Girvs.WebFrameWork", "Girvs.WebFrameWork\Girvs.WebFrameWork.csproj", "{C0EB4DFC-4C26-4FDD-828F-10E5D97B9E7F}"
EndProject
Global
	GlobalSection(SolutionConfigurationPlatforms) = preSolution
		Debug|Any CPU = Debug|Any CPU
		Release|Any CPU = Release|Any CPU
	EndGlobalSection
	GlobalSection(ProjectConfigurationPlatforms) = postSolution
		{42AC7C8B-E243-43CB-B0FA-E7F17940B1D8}.Debug|Any CPU.ActiveCfg = Debug|Any CPU
		{42AC7C8B-E243-43CB-B0FA-E7F17940B1D8}.Debug|Any CPU.Build.0 = Debug|Any CPU
		{42AC7C8B-E243-43CB-B0FA-E7F17940B1D8}.Release|Any CPU.ActiveCfg = Release|Any CPU
		{42AC7C8B-E243-43CB-B0FA-E7F17940B1D8}.Release|Any CPU.Build.0 = Release|Any CPU
		{9A615315-5B9C-4D52-AA2D-FB3A0299DD9F}.Debug|Any CPU.ActiveCfg = Debug|Any CPU
		{9A615315-5B9C-4D52-AA2D-FB3A0299DD9F}.Debug|Any CPU.Build.0 = Debug|Any CPU
		{9A615315-5B9C-4D52-AA2D-FB3A0299DD9F}.Release|Any CPU.ActiveCfg = Release|Any CPU
		{9A615315-5B9C-4D52-AA2D-FB3A0299DD9F}.Release|Any CPU.Build.0 = Release|Any CPU
		{2430C42D-7122-4961-B4C9-42BD0A67E16B}.Debug|Any CPU.ActiveCfg = Debug|Any CPU
		{2430C42D-7122-4961-B4C9-42BD0A67E16B}.Debug|Any CPU.Build.0 = Debug|Any CPU
		{2430C42D-7122-4961-B4C9-42BD0A67E16B}.Release|Any CPU.ActiveCfg = Release|Any CPU
		{2430C42D-7122-4961-B4C9-42BD0A67E16B}.Release|Any CPU.Build.0 = Release|Any CPU
		{61A4E66E-E955-40D5-BA26-43FB0C6491BB}.Debug|Any CPU.ActiveCfg = Debug|Any CPU
		{61A4E66E-E955-40D5-BA26-43FB0C6491BB}.Debug|Any CPU.Build.0 = Debug|Any CPU
		{61A4E66E-E955-40D5-BA26-43FB0C6491BB}.Release|Any CPU.ActiveCfg = Release|Any CPU
		{61A4E66E-E955-40D5-BA26-43FB0C6491BB}.Release|Any CPU.Build.0 = Release|Any CPU
		{C4C56143-9868-4ED3-ABCB-4AA122E50F26}.Debug|Any CPU.ActiveCfg = Debug|Any CPU
		{C4C56143-9868-4ED3-ABCB-4AA122E50F26}.Debug|Any CPU.Build.0 = Debug|Any CPU
		{C4C56143-9868-4ED3-ABCB-4AA122E50F26}.Release|Any CPU.ActiveCfg = Release|Any CPU
		{C4C56143-9868-4ED3-ABCB-4AA122E50F26}.Release|Any CPU.Build.0 = Release|Any CPU
		{C0EB4DFC-4C26-4FDD-828F-10E5D97B9E7F}.Debug|Any CPU.ActiveCfg = Debug|Any CPU
		{C0EB4DFC-4C26-4FDD-828F-10E5D97B9E7F}.Debug|Any CPU.Build.0 = Debug|Any CPU
		{C0EB4DFC-4C26-4FDD-828F-10E5D97B9E7F}.Release|Any CPU.ActiveCfg = Release|Any CPU
		{C0EB4DFC-4C26-4FDD-828F-10E5D97B9E7F}.Release|Any CPU.Build.0 = Release|Any CPU
	EndGlobalSection
	GlobalSection(SolutionProperties) = preSolution
		HideSolutionNode = FALSE
	EndGlobalSection
	GlobalSection(NestedProjects) = preSolution
		{61A4E66E-E955-40D5-BA26-43FB0C6491BB} = {6DAB5402-DD16-498C-80A0-AC4F1A21BC99}
		{C4C56143-9868-4ED3-ABCB-4AA122E50F26} = {6DAB5402-DD16-498C-80A0-AC4F1A21BC99}
	EndGlobalSection
	GlobalSection(ExtensibilityGlobals) = postSolution
		SolutionGuid = {660433A5-F232-44EF-9D60-6206FA07732E}
	EndGlobalSection
EndGlobal
