<Solution>
  <Project Path="Sample.AppHost/Sample.AppHost.csproj" />
  <Project Path="Sample.Modules/Sample.Modules.csproj" />
  <Project Path="Sample.ServiceA/Sample.ServiceA.csproj" />
  <Project Path="Sample.ServiceB/Sample.ServiceB.csproj" />
  <Project Path="Sample.Worker/Sample.Worker.csproj" />
</Solution>
